// !$*UTF8*$!
{
	archiveVersion = 1;
	classes = {
	};
	objectVersion = 46;
	objects = {

/* Begin PBXBuildFile section */
		EACE9F4D1C9C4C900044E72B /* OpenGL.framework in Frameworks */ = {isa = PBXBuildFile; fileRef = EACE9F4C1C9C4C900044E72B /* OpenGL.framework */; };
		EACE9F4F1C9C4C960044E72B /* GLUT.framework in Frameworks */ = {isa = PBXBuildFile; fileRef = EACE9F4E1C9C4C960044E72B /* GLUT.framework */; };
		EACE9F661C9C4EA30044E72B /* main.cpp in Sources */ = {isa = PBXBuildFile; fileRef = EACE9F651C9C4EA30044E72B /* main.cpp */; };
		EACE9F681C9C4EB40044E72B /* camera.cpp in Sources */ = {isa = PBXBuildFile; fileRef = EACE9F671C9C4EB40044E72B /* camera.cpp */; };
		EACE9F6A1C9C4EC50044E72B /* perspective.cpp in Sources */ = {isa = PBXBuildFile; fileRef = EACE9F691C9C4EC50044E72B /* perspective.cpp */; };
		EACE9F6C1C9C4ED20044E72B /* viewport.cpp in Sources */ = {isa = PBXBuildFile; fileRef = EACE9F6B1C9C4ED20044E72B /* viewport.cpp */; };
		EACE9F6E1C9C4EE10044E72B /* transformer.cpp in Sources */ = {isa = PBXBuildFile; fileRef = EACE9F6D1C9C4EE10044E72B /* transformer.cpp */; };
		EACE9F701C9C4EEC0044E72B /* surface.cpp in Sources */ = {isa = PBXBuildFile; fileRef = EACE9F6F1C9C4EEC0044E72B /* surface.cpp */; };
		EACE9F721C9C4EFA0044E72B /* light.cpp in Sources */ = {isa = PBXBuildFile; fileRef = EACE9F711C9C4EFA0044E72B /* light.cpp */; };
		EACE9F741C9C4F050044E72B /* material.cpp in Sources */ = {isa = PBXBuildFile; fileRef = EACE9F731C9C4F050044E72B /* material.cpp */; };
		EACE9F761C9C4F110044E72B /* sphere.cpp in Sources */ = {isa = PBXBuildFile; fileRef = EACE9F751C9C4F110044E72B /* sphere.cpp */; };
		EACE9F781C9C4F1B0044E72B /* vertex.cpp in Sources */ = {isa = PBXBuildFile; fileRef = EACE9F771C9C4F1B0044E72B /* vertex.cpp */; };
		EACE9F7A1C9C4F260044E72B /* scene.cpp in Sources */ = {isa = PBXBuildFile; fileRef = EACE9F791C9C4F260044E72B /* scene.cpp */; };
/* End PBXBuildFile section */

/* Begin PBXCopyFilesBuildPhase section */
		EACE9F401C9C4C710044E72B /* CopyFiles */ = {
			isa = PBXCopyFilesBuildPhase;
			buildActionMask = 2147483647;
			dstPath = /usr/share/man/man1/;
			dstSubfolderSpec = 0;
			files = (
			);
			runOnlyForDeploymentPostprocessing = 1;
		};
/* End PBXCopyFilesBuildPhase section */

/* Begin PBXFileReference section */
		EACE9F421C9C4C710044E72B /* Basic Rasterization */ = {isa = PBXFileReference; explicitFileType = "compiled.mach-o.executable"; includeInIndex = 0; path = "Basic Rasterization"; sourceTree = BUILT_PRODUCTS_DIR; };
		EACE9F4C1C9C4C900044E72B /* OpenGL.framework */ = {isa = PBXFileReference; lastKnownFileType = wrapper.framework; name = OpenGL.framework; path = System/Library/Frameworks/OpenGL.framework; sourceTree = SDKROOT; };
		EACE9F4E1C9C4C960044E72B /* GLUT.framework */ = {isa = PBXFileReference; lastKnownFileType = wrapper.framework; name = GLUT.framework; path = System/Library/Frameworks/GLUT.framework; sourceTree = SDKROOT; };
		EACE9F5B1C9C4E0D0044E72B /* camera.h */ = {isa = PBXFileReference; fileEncoding = 4; lastKnownFileType = sourcecode.c.h; path = camera.h; sourceTree = "<group>"; };
		EACE9F5C1C9C4E220044E72B /* perspective.h */ = {isa = PBXFileReference; fileEncoding = 4; lastKnownFileType = sourcecode.c.h; path = perspective.h; sourceTree = "<group>"; };
		EACE9F5D1C9C4E2C0044E72B /* viewport.h */ = {isa = PBXFileReference; fileEncoding = 4; lastKnownFileType = sourcecode.c.h; path = viewport.h; sourceTree = "<group>"; };
		EACE9F5E1C9C4E390044E72B /* transformer.h */ = {isa = PBXFileReference; fileEncoding = 4; lastKnownFileType = sourcecode.c.h; path = transformer.h; sourceTree = "<group>"; };
		EACE9F5F1C9C4E510044E72B /* surface.h */ = {isa = PBXFileReference; fileEncoding = 4; lastKnownFileType = sourcecode.c.h; path = surface.h; sourceTree = "<group>"; };
		EACE9F601C9C4E5B0044E72B /* light.h */ = {isa = PBXFileReference; fileEncoding = 4; lastKnownFileType = sourcecode.c.h; path = light.h; sourceTree = "<group>"; };
		EACE9F611C9C4E650044E72B /* material.h */ = {isa = PBXFileReference; fileEncoding = 4; lastKnownFileType = sourcecode.c.h; path = material.h; sourceTree = "<group>"; };
		EACE9F621C9C4E6F0044E72B /* sphere.h */ = {isa = PBXFileReference; fileEncoding = 4; lastKnownFileType = sourcecode.c.h; path = sphere.h; sourceTree = "<group>"; };
		EACE9F631C9C4E7A0044E72B /* scene.h */ = {isa = PBXFileReference; fileEncoding = 4; lastKnownFileType = sourcecode.c.h; path = scene.h; sourceTree = "<group>"; };
		EACE9F641C9C4E830044E72B /* vertex.h */ = {isa = PBXFileReference; fileEncoding = 4; lastKnownFileType = sourcecode.c.h; path = vertex.h; sourceTree = "<group>"; };
		EACE9F651C9C4EA30044E72B /* main.cpp */ = {isa = PBXFileReference; fileEncoding = 4; lastKnownFileType = sourcecode.cpp.cpp; path = main.cpp; sourceTree = "<group>"; };
		EACE9F671C9C4EB40044E72B /* camera.cpp */ = {isa = PBXFileReference; fileEncoding = 4; lastKnownFileType = sourcecode.cpp.cpp; path = camera.cpp; sourceTree = "<group>"; };
		EACE9F691C9C4EC50044E72B /* perspective.cpp */ = {isa = PBXFileReference; fileEncoding = 4; lastKnownFileType = sourcecode.cpp.cpp; path = perspective.cpp; sourceTree = "<group>"; };
		EACE9F6B1C9C4ED20044E72B /* viewport.cpp */ = {isa = PBXFileReference; fileEncoding = 4; lastKnownFileType = sourcecode.cpp.cpp; path = viewport.cpp; sourceTree = "<group>"; };
		EACE9F6D1C9C4EE10044E72B /* transformer.cpp */ = {isa = PBXFileReference; fileEncoding = 4; lastKnownFileType = sourcecode.cpp.cpp; path = transformer.cpp; sourceTree = "<group>"; };
		EACE9F6F1C9C4EEC0044E72B /* surface.cpp */ = {isa = PBXFileReference; fileEncoding = 4; lastKnownFileType = sourcecode.cpp.cpp; path = surface.cpp; sourceTree = "<group>"; };
		EACE9F711C9C4EFA0044E72B /* light.cpp */ = {isa = PBXFileReference; fileEncoding = 4; lastKnownFileType = sourcecode.cpp.cpp; path = light.cpp; sourceTree = "<group>"; };
		EACE9F731C9C4F050044E72B /* material.cpp */ = {isa = PBXFileReference; fileEncoding = 4; lastKnownFileType = sourcecode.cpp.cpp; path = material.cpp; sourceTree = "<group>"; };
		EACE9F751C9C4F110044E72B /* sphere.cpp */ = {isa = PBXFileReference; fileEncoding = 4; lastKnownFileType = sourcecode.cpp.cpp; path = sphere.cpp; sourceTree = "<group>"; };
		EACE9F771C9C4F1B0044E72B /* vertex.cpp */ = {isa = PBXFileReference; fileEncoding = 4; lastKnownFileType = sourcecode.cpp.cpp; path = vertex.cpp; sourceTree = "<group>"; };
		EACE9F791C9C4F260044E72B /* scene.cpp */ = {isa = PBXFileReference; fileEncoding = 4; lastKnownFileType = sourcecode.cpp.cpp; path = scene.cpp; sourceTree = "<group>"; };
/* End PBXFileReference section */

/* Begin PBXFrameworksBuildPhase section */
		EACE9F3F1C9C4C710044E72B /* Frameworks */ = {
			isa = PBXFrameworksBuildPhase;
			buildActionMask = 2147483647;
			files = (
				EACE9F4F1C9C4C960044E72B /* GLUT.framework in Frameworks */,
				EACE9F4D1C9C4C900044E72B /* OpenGL.framework in Frameworks */,
			);
			runOnlyForDeploymentPostprocessing = 0;
		};
/* End PBXFrameworksBuildPhase section */

/* Begin PBXGroup section */
		EACE9F391C9C4C710044E72B = {
			isa = PBXGroup;
			children = (
				EACE9F4E1C9C4C960044E72B /* GLUT.framework */,
				EACE9F4C1C9C4C900044E72B /* OpenGL.framework */,
				EACE9F441C9C4C710044E72B /* Basic Rasterization */,
				EACE9F431C9C4C710044E72B /* Products */,
			);
			sourceTree = "<group>";
		};
		EACE9F431C9C4C710044E72B /* Products */ = {
			isa = PBXGroup;
			children = (
				EACE9F421C9C4C710044E72B /* Basic Rasterization */,
			);
			name = Products;
			sourceTree = "<group>";
		};
		EACE9F441C9C4C710044E72B /* Basic Rasterization */ = {
			isa = PBXGroup;
			children = (
				EACE9F501C9C4DB60044E72B /* include */,
				EACE9F551C9C4DB60044E72B /* src */,
			);
			path = "Basic Rasterization";
			sourceTree = "<group>";
		};
		EACE9F501C9C4DB60044E72B /* include */ = {
			isa = PBXGroup;
			children = (
				EACE9F511C9C4DB60044E72B /* transform */,
				EACE9F521C9C4DB60044E72B /* world */,
			);
			path = include;
			sourceTree = "<group>";
		};
		EACE9F511C9C4DB60044E72B /* transform */ = {
			isa = PBXGroup;
			children = (
				EACE9F5B1C9C4E0D0044E72B /* camera.h */,
				EACE9F5C1C9C4E220044E72B /* perspective.h */,
				EACE9F5D1C9C4E2C0044E72B /* viewport.h */,
				EACE9F5E1C9C4E390044E72B /* transformer.h */,
			);
			path = transform;
			sourceTree = "<group>";
		};
		EACE9F521C9C4DB60044E72B /* world */ = {
			isa = PBXGroup;
			children = (
				EACE9F531C9C4DB60044E72B /* objects */,
				EACE9F631C9C4E7A0044E72B /* scene.h */,
			);
			path = world;
			sourceTree = "<group>";
		};
		EACE9F531C9C4DB60044E72B /* objects */ = {
			isa = PBXGroup;
			children = (
				EACE9F5F1C9C4E510044E72B /* surface.h */,
				EACE9F601C9C4E5B0044E72B /* light.h */,
				EACE9F611C9C4E650044E72B /* material.h */,
				EACE9F621C9C4E6F0044E72B /* sphere.h */,
				EACE9F641C9C4E830044E72B /* vertex.h */,
			);
			path = objects;
			sourceTree = "<group>";
		};
		EACE9F551C9C4DB60044E72B /* src */ = {
			isa = PBXGroup;
			children = (
				EACE9F561C9C4DB60044E72B /* transform */,
				EACE9F571C9C4DB60044E72B /* world */,
				EACE9F651C9C4EA30044E72B /* main.cpp */,
			);
			path = src;
			sourceTree = "<group>";
		};
		EACE9F561C9C4DB60044E72B /* transform */ = {
			isa = PBXGroup;
			children = (
				EACE9F671C9C4EB40044E72B /* camera.cpp */,
				EACE9F691C9C4EC50044E72B /* perspective.cpp */,
				EACE9F6B1C9C4ED20044E72B /* viewport.cpp */,
				EACE9F6D1C9C4EE10044E72B /* transformer.cpp */,
			);
			path = transform;
			sourceTree = "<group>";
		};
		EACE9F571C9C4DB60044E72B /* world */ = {
			isa = PBXGroup;
			children = (
				EACE9F581C9C4DB60044E72B /* objects */,
				EACE9F791C9C4F260044E72B /* scene.cpp */,
			);
			path = world;
			sourceTree = "<group>";
		};
		EACE9F581C9C4DB60044E72B /* objects */ = {
			isa = PBXGroup;
			children = (
				EACE9F6F1C9C4EEC0044E72B /* surface.cpp */,
				EACE9F711C9C4EFA0044E72B /* light.cpp */,
				EACE9F731C9C4F050044E72B /* material.cpp */,
				EACE9F751C9C4F110044E72B /* sphere.cpp */,
				EACE9F771C9C4F1B0044E72B /* vertex.cpp */,
			);
			path = objects;
			sourceTree = "<group>";
		};
/* End PBXGroup section */

/* Begin PBXNativeTarget section */
		EACE9F411C9C4C710044E72B /* Basic Rasterization */ = {
			isa = PBXNativeTarget;
			buildConfigurationList = EACE9F491C9C4C710044E72B /* Build configuration list for PBXNativeTarget "Basic Rasterization" */;
			buildPhases = (
				EACE9F3E1C9C4C710044E72B /* Sources */,
				EACE9F3F1C9C4C710044E72B /* Frameworks */,
				EACE9F401C9C4C710044E72B /* CopyFiles */,
			);
			buildRules = (
			);
			dependencies = (
			);
			name = "Basic Rasterization";
			productName = "Basic Rasterization";
			productReference = EACE9F421C9C4C710044E72B /* Basic Rasterization */;
			productType = "com.apple.product-type.tool";
		};
/* End PBXNativeTarget section */

/* Begin PBXProject section */
		EACE9F3A1C9C4C710044E72B /* Project object */ = {
			isa = PBXProject;
			attributes = {
				LastUpgradeCheck = 0720;
				ORGANIZATIONNAME = "Tony Zhu";
				TargetAttributes = {
					EACE9F411C9C4C710044E72B = {
						CreatedOnToolsVersion = 7.2.1;
					};
				};
			};
			buildConfigurationList = EACE9F3D1C9C4C710044E72B /* Build configuration list for PBXProject "Basic Rasterization" */;
			compatibilityVersion = "Xcode 3.2";
			developmentRegion = English;
			hasScannedForEncodings = 0;
			knownRegions = (
				en,
			);
			mainGroup = EACE9F391C9C4C710044E72B;
			productRefGroup = EACE9F431C9C4C710044E72B /* Products */;
			projectDirPath = "";
			projectRoot = "";
			targets = (
				EACE9F411C9C4C710044E72B /* Basic Rasterization */,
			);
		};
/* End PBXProject section */

/* Begin PBXSourcesBuildPhase section */
		EACE9F3E1C9C4C710044E72B /* Sources */ = {
			isa = PBXSourcesBuildPhase;
			buildActionMask = 2147483647;
			files = (
				EACE9F681C9C4EB40044E72B /* camera.cpp in Sources */,
				EACE9F6C1C9C4ED20044E72B /* viewport.cpp in Sources */,
				EACE9F661C9C4EA30044E72B /* main.cpp in Sources */,
				EACE9F781C9C4F1B0044E72B /* vertex.cpp in Sources */,
				EACE9F761C9C4F110044E72B /* sphere.cpp in Sources */,
				EACE9F6E1C9C4EE10044E72B /* transformer.cpp in Sources */,
				EACE9F741C9C4F050044E72B /* material.cpp in Sources */,
				EACE9F721C9C4EFA0044E72B /* light.cpp in Sources */,
				EACE9F6A1C9C4EC50044E72B /* perspective.cpp in Sources */,
				EACE9F701C9C4EEC0044E72B /* surface.cpp in Sources */,
				EACE9F7A1C9C4F260044E72B /* scene.cpp in Sources */,
			);
			runOnlyForDeploymentPostprocessing = 0;
		};
/* End PBXSourcesBuildPhase section */

/* Begin XCBuildConfiguration section */
		EACE9F471C9C4C710044E72B /* Debug */ = {
			isa = XCBuildConfiguration;
			buildSettings = {
				ALWAYS_SEARCH_USER_PATHS = NO;
				CLANG_CXX_LANGUAGE_STANDARD = "gnu++0x";
				CLANG_CXX_LIBRARY = "libc++";
				CLANG_ENABLE_MODULES = YES;
				CLANG_ENABLE_OBJC_ARC = YES;
				CLANG_WARN_BOOL_CONVERSION = YES;
				CLANG_WARN_CONSTANT_CONVERSION = YES;
				CLANG_WARN_DIRECT_OBJC_ISA_USAGE = YES_ERROR;
				CLANG_WARN_EMPTY_BODY = YES;
				CLANG_WARN_ENUM_CONVERSION = YES;
				CLANG_WARN_INT_CONVERSION = YES;
				CLANG_WARN_OBJC_ROOT_CLASS = YES_ERROR;
				CLANG_WARN_UNREACHABLE_CODE = YES;
				CLANG_WARN__DUPLICATE_METHOD_MATCH = YES;
				CODE_SIGN_IDENTITY = "-";
				COPY_PHASE_STRIP = NO;
				DEBUG_INFORMATION_FORMAT = dwarf;
				ENABLE_STRICT_OBJC_MSGSEND = YES;
				ENABLE_TESTABILITY = YES;
				GCC_C_LANGUAGE_STANDARD = gnu99;
				GCC_DYNAMIC_NO_PIC = NO;
				GCC_NO_COMMON_BLOCKS = YES;
				GCC_OPTIMIZATION_LEVEL = 0;
				GCC_PREPROCESSOR_DEFINITIONS = (
					"DEBUG=1",
					"$(inherited)",
				);
				GCC_WARN_64_TO_32_BIT_CONVERSION = YES;
				GCC_WARN_ABOUT_RETURN_TYPE = YES_ERROR;
				GCC_WARN_UNDECLARED_SELECTOR = YES;
				GCC_WARN_UNINITIALIZED_AUTOS = YES_AGGRESSIVE;
				GCC_WARN_UNUSED_FUNCTION = YES;
				GCC_WARN_UNUSED_VARIABLE = YES;
				MACOSX_DEPLOYMENT_TARGET = 10.11;
				MTL_ENABLE_DEBUG_INFO = YES;
				ONLY_ACTIVE_ARCH = YES;
				SDKROOT = macosx;
			};
			name = Debug;
		};
		EACE9F481C9C4C710044E72B /* Release */ = {
			isa = XCBuildConfiguration;
			buildSettings = {
				ALWAYS_SEARCH_USER_PATHS = NO;
				CLANG_CXX_LANGUAGE_STANDARD = "gnu++0x";
				CLANG_CXX_LIBRARY = "libc++";
				CLANG_ENABLE_MODULES = YES;
				CLANG_ENABLE_OBJC_ARC = YES;
				CLANG_WARN_BOOL_CONVERSION = YES;
				CLANG_WARN_CONSTANT_CONVERSION = YES;
				CLANG_WARN_DIRECT_OBJC_ISA_USAGE = YES_ERROR;
				CLANG_WARN_EMPTY_BODY = YES;
				CLANG_WARN_ENUM_CONVERSION = YES;
				CLANG_WARN_INT_CONVERSION = YES;
				CLANG_WARN_OBJC_ROOT_CLASS = YES_ERROR;
				CLANG_WARN_UNREACHABLE_CODE = YES;
				CLANG_WARN__DUPLICATE_METHOD_MATCH = YES;
				CODE_SIGN_IDENTITY = "-";
				COPY_PHASE_STRIP = NO;
				DEBUG_INFORMATION_FORMAT = "dwarf-with-dsym";
				ENABLE_NS_ASSERTIONS = NO;
				ENABLE_STRICT_OBJC_MSGSEND = YES;
				GCC_C_LANGUAGE_STANDARD = gnu99;
				GCC_NO_COMMON_BLOCKS = YES;
				GCC_WARN_64_TO_32_BIT_CONVERSION = YES;
				GCC_WARN_ABOUT_RETURN_TYPE = YES_ERROR;
				GCC_WARN_UNDECLARED_SELECTOR = YES;
				GCC_WARN_UNINITIALIZED_AUTOS = YES_AGGRESSIVE;
				GCC_WARN_UNUSED_FUNCTION = YES;
				GCC_WARN_UNUSED_VARIABLE = YES;
				MACOSX_DEPLOYMENT_TARGET = 10.11;
				MTL_ENABLE_DEBUG_INFO = NO;
				SDKROOT = macosx;
			};
			name = Release;
		};
		EACE9F4A1C9C4C710044E72B /* Debug */ = {
			isa = XCBuildConfiguration;
			buildSettings = {
				MACOSX_DEPLOYMENT_TARGET = 10.8;
				"OTHER_CPLUSPLUSFLAGS[arch=*]" = (
					"-I",
					/usr/local/include/eigen3/,
				);
				PRODUCT_NAME = "$(TARGET_NAME)";
			};
			name = Debug;
		};
		EACE9F4B1C9C4C710044E72B /* Release */ = {
			isa = XCBuildConfiguration;
			buildSettings = {
				MACOSX_DEPLOYMENT_TARGET = 10.8;
				"OTHER_CPLUSPLUSFLAGS[arch=*]" = (
					"-I",
					/usr/local/include/eigen3/,
				);
				PRODUCT_NAME = "$(TARGET_NAME)";
			};
			name = Release;
		};
/* End XCBuildConfiguration section */

/* Begin XCConfigurationList section */
		EACE9F3D1C9C4C710044E72B /* Build configuration list for PBXProject "Basic Rasterization" */ = {
			isa = XCConfigurationList;
			buildConfigurations = (
				EACE9F471C9C4C710044E72B /* Debug */,
				EACE9F481C9C4C710044E72B /* Release */,
			);
			defaultConfigurationIsVisible = 0;
			defaultConfigurationName = Release;
		};
		EACE9F491C9C4C710044E72B /* Build configuration list for PBXNativeTarget "Basic Rasterization" */ = {
			isa = XCConfigurationList;
			buildConfigurations = (
				EACE9F4A1C9C4C710044E72B /* Debug */,
				EACE9F4B1C9C4C710044E72B /* Release */,
			);
			defaultConfigurationIsVisible = 0;
		};
/* End XCConfigurationList section */
	};
	rootObject = EACE9F3A1C9C4C710044E72B /* Project object */;
}
